// !$*UTF8*$!
{
	archiveVersion = 1;
	classes = {
	};
	objectVersion = 55;
	objects = {

/* Begin PBXBuildFile section */
		DD9B9B0127F3280900787260 /* GifViewPresenter.swift in Sources */ = {isa = PBXBuildFile; fileRef = DD9B9B0027F3280900787260 /* GifViewPresenter.swift */; };
		DD9B9B0527F34FAF00787260 /* GifHeader.swift in Sources */ = {isa = PBXBuildFile; fileRef = DD9B9B0427F34FAF00787260 /* GifHeader.swift */; };
		DDE9E60827F3217000788D76 /* GifViewController.swift in Sources */ = {isa = PBXBuildFile; fileRef = DDE9E60727F3217000788D76 /* GifViewController.swift */; };
		DDF7162727F1C9E200A82028 /* AppDelegate.swift in Sources */ = {isa = PBXBuildFile; fileRef = DDF7162627F1C9E200A82028 /* AppDelegate.swift */; };
		DDF7162E27F1C9E200A82028 /* Main.storyboard in Resources */ = {isa = PBXBuildFile; fileRef = DDF7162C27F1C9E200A82028 /* Main.storyboard */; };
		DDF7163027F1C9E600A82028 /* Assets.xcassets in Resources */ = {isa = PBXBuildFile; fileRef = DDF7162F27F1C9E600A82028 /* Assets.xcassets */; };
		DDF7163327F1C9E600A82028 /* LaunchScreen.storyboard in Resources */ = {isa = PBXBuildFile; fileRef = DDF7163127F1C9E600A82028 /* LaunchScreen.storyboard */; };
		DDF7165627F25A5100A82028 /* GalleryViewController.swift in Sources */ = {isa = PBXBuildFile; fileRef = DDF7165527F25A5100A82028 /* GalleryViewController.swift */; };
		DDF7165827F25B8900A82028 /* MosaicFlowLayout.swift in Sources */ = {isa = PBXBuildFile; fileRef = DDF7165727F25B8900A82028 /* MosaicFlowLayout.swift */; };
		DDF7165A27F25C5D00A82028 /* Extensions.swift in Sources */ = {isa = PBXBuildFile; fileRef = DDF7165927F25C5D00A82028 /* Extensions.swift */; };
		DDF7165C27F25D6900A82028 /* GifResponse.swift in Sources */ = {isa = PBXBuildFile; fileRef = DDF7165B27F25D6900A82028 /* GifResponse.swift */; };
		DDF7165E27F2614300A82028 /* GifCell.swift in Sources */ = {isa = PBXBuildFile; fileRef = DDF7165D27F2614300A82028 /* GifCell.swift */; };
		DDF7166027F262C900A82028 /* GifProvider.swift in Sources */ = {isa = PBXBuildFile; fileRef = DDF7165F27F262C900A82028 /* GifProvider.swift */; };
		DDF7166227F262D500A82028 /* GifDataService.swift in Sources */ = {isa = PBXBuildFile; fileRef = DDF7166127F262D500A82028 /* GifDataService.swift */; };
		DDF7166427F263AB00A82028 /* GalleryViewPresenter.swift in Sources */ = {isa = PBXBuildFile; fileRef = DDF7166327F263AB00A82028 /* GalleryViewPresenter.swift */; };
		DDF7167027F2807C00A82028 /* Gifu in Frameworks */ = {isa = PBXBuildFile; productRef = DDF7166F27F2807C00A82028 /* Gifu */; };
		DDF7167327F290EF00A82028 /* Nuke in Frameworks */ = {isa = PBXBuildFile; productRef = DDF7167227F290EF00A82028 /* Nuke */; };
/* End PBXBuildFile section */

/* Begin PBXFileReference section */
		DD9B9B0027F3280900787260 /* GifViewPresenter.swift */ = {isa = PBXFileReference; lastKnownFileType = sourcecode.swift; path = GifViewPresenter.swift; sourceTree = "<group>"; };
		DD9B9B0427F34FAF00787260 /* GifHeader.swift */ = {isa = PBXFileReference; lastKnownFileType = sourcecode.swift; path = GifHeader.swift; sourceTree = "<group>"; };
		DDE9E60727F3217000788D76 /* GifViewController.swift */ = {isa = PBXFileReference; lastKnownFileType = sourcecode.swift; path = GifViewController.swift; sourceTree = "<group>"; };
		DDF7162327F1C9E200A82028 /* Goophy.app */ = {isa = PBXFileReference; explicitFileType = wrapper.application; includeInIndex = 0; path = Goophy.app; sourceTree = BUILT_PRODUCTS_DIR; };
		DDF7162627F1C9E200A82028 /* AppDelegate.swift */ = {isa = PBXFileReference; lastKnownFileType = sourcecode.swift; path = AppDelegate.swift; sourceTree = "<group>"; };
		DDF7162D27F1C9E200A82028 /* Base */ = {isa = PBXFileReference; lastKnownFileType = file.storyboard; name = Base; path = Base.lproj/Main.storyboard; sourceTree = "<group>"; };
		DDF7162F27F1C9E600A82028 /* Assets.xcassets */ = {isa = PBXFileReference; lastKnownFileType = folder.assetcatalog; path = Assets.xcassets; sourceTree = "<group>"; };
		DDF7163227F1C9E600A82028 /* Base */ = {isa = PBXFileReference; lastKnownFileType = file.storyboard; name = Base; path = Base.lproj/LaunchScreen.storyboard; sourceTree = "<group>"; };
		DDF7163427F1C9E600A82028 /* Info.plist */ = {isa = PBXFileReference; lastKnownFileType = text.plist.xml; path = Info.plist; sourceTree = "<group>"; };
		DDF7165527F25A5100A82028 /* GalleryViewController.swift */ = {isa = PBXFileReference; lastKnownFileType = sourcecode.swift; path = GalleryViewController.swift; sourceTree = "<group>"; };
		DDF7165727F25B8900A82028 /* MosaicFlowLayout.swift */ = {isa = PBXFileReference; lastKnownFileType = sourcecode.swift; path = MosaicFlowLayout.swift; sourceTree = "<group>"; };
		DDF7165927F25C5D00A82028 /* Extensions.swift */ = {isa = PBXFileReference; lastKnownFileType = sourcecode.swift; path = Extensions.swift; sourceTree = "<group>"; };
		DDF7165B27F25D6900A82028 /* GifResponse.swift */ = {isa = PBXFileReference; lastKnownFileType = sourcecode.swift; path = GifResponse.swift; sourceTree = "<group>"; };
		DDF7165D27F2614300A82028 /* GifCell.swift */ = {isa = PBXFileReference; lastKnownFileType = sourcecode.swift; path = GifCell.swift; sourceTree = "<group>"; };
		DDF7165F27F262C900A82028 /* GifProvider.swift */ = {isa = PBXFileReference; lastKnownFileType = sourcecode.swift; path = GifProvider.swift; sourceTree = "<group>"; };
		DDF7166127F262D500A82028 /* GifDataService.swift */ = {isa = PBXFileReference; lastKnownFileType = sourcecode.swift; path = GifDataService.swift; sourceTree = "<group>"; };
		DDF7166327F263AB00A82028 /* GalleryViewPresenter.swift */ = {isa = PBXFileReference; lastKnownFileType = sourcecode.swift; path = GalleryViewPresenter.swift; sourceTree = "<group>"; };
/* End PBXFileReference section */

/* Begin PBXFrameworksBuildPhase section */
		DDF7162027F1C9E200A82028 /* Frameworks */ = {
			isa = PBXFrameworksBuildPhase;
			buildActionMask = 2147483647;
			files = (
				DDF7167027F2807C00A82028 /* Gifu in Frameworks */,
				DDF7167327F290EF00A82028 /* Nuke in Frameworks */,
			);
			runOnlyForDeploymentPostprocessing = 0;
		};
/* End PBXFrameworksBuildPhase section */

/* Begin PBXGroup section */
		DD9B9B0227F3308900787260 /* View */ = {
			isa = PBXGroup;
			children = (
				DDE9E60727F3217000788D76 /* GifViewController.swift */,
			);
			path = View;
			sourceTree = "<group>";
		};
		DD9B9B0327F3308D00787260 /* Presenter */ = {
			isa = PBXGroup;
			children = (
				DD9B9B0027F3280900787260 /* GifViewPresenter.swift */,
			);
			path = Presenter;
			sourceTree = "<group>";
		};
		DDE9E60927F3217600788D76 /* Gif */ = {
			isa = PBXGroup;
			children = (
				DD9B9B0227F3308900787260 /* View */,
				DD9B9B0327F3308D00787260 /* Presenter */,
			);
			path = Gif;
			sourceTree = "<group>";
		};
		DDF7161A27F1C9E200A82028 = {
			isa = PBXGroup;
			children = (
				DDF7162527F1C9E200A82028 /* Goophy */,
				DDF7162427F1C9E200A82028 /* Products */,
			);
			sourceTree = "<group>";
		};
		DDF7162427F1C9E200A82028 /* Products */ = {
			isa = PBXGroup;
			children = (
				DDF7162327F1C9E200A82028 /* Goophy.app */,
			);
			name = Products;
			sourceTree = "<group>";
		};
		DDF7162527F1C9E200A82028 /* Goophy */ = {
			isa = PBXGroup;
			children = (
				DDF7162627F1C9E200A82028 /* AppDelegate.swift */,
				DDF7166A27F2666E00A82028 /* Gallery */,
				DDE9E60927F3217600788D76 /* Gif */,
				DDF7166527F2663F00A82028 /* NetworkLayer */,
				DDF7166B27F2668900A82028 /* Extensions */,
				DDF7162C27F1C9E200A82028 /* Main.storyboard */,
				DDF7162F27F1C9E600A82028 /* Assets.xcassets */,
				DDF7163127F1C9E600A82028 /* LaunchScreen.storyboard */,
				DDF7163427F1C9E600A82028 /* Info.plist */,
			);
			path = Goophy;
			sourceTree = "<group>";
		};
		DDF7166527F2663F00A82028 /* NetworkLayer */ = {
			isa = PBXGroup;
			children = (
				DDF7165F27F262C900A82028 /* GifProvider.swift */,
			);
			path = NetworkLayer;
			sourceTree = "<group>";
		};
		DDF7166627F2665300A82028 /* Model */ = {
			isa = PBXGroup;
			children = (
				DDF7165B27F25D6900A82028 /* GifResponse.swift */,
			);
			path = Model;
			sourceTree = "<group>";
		};
		DDF7166727F2665800A82028 /* Presenter */ = {
			isa = PBXGroup;
			children = (
				DDF7166327F263AB00A82028 /* GalleryViewPresenter.swift */,
			);
			path = Presenter;
			sourceTree = "<group>";
		};
		DDF7166827F2665D00A82028 /* View */ = {
			isa = PBXGroup;
			children = (
				DD9B9B0427F34FAF00787260 /* GifHeader.swift */,
				DDF7165D27F2614300A82028 /* GifCell.swift */,
				DDF7165527F25A5100A82028 /* GalleryViewController.swift */,
				DDF7165727F25B8900A82028 /* MosaicFlowLayout.swift */,
			);
			path = View;
			sourceTree = "<group>";
		};
		DDF7166927F2666500A82028 /* Services */ = {
			isa = PBXGroup;
			children = (
				DDF7166127F262D500A82028 /* GifDataService.swift */,
			);
			path = Services;
			sourceTree = "<group>";
		};
		DDF7166A27F2666E00A82028 /* Gallery */ = {
			isa = PBXGroup;
			children = (
				DDF7166927F2666500A82028 /* Services */,
				DDF7166627F2665300A82028 /* Model */,
				DDF7166827F2665D00A82028 /* View */,
				DDF7166727F2665800A82028 /* Presenter */,
			);
			path = Gallery;
			sourceTree = "<group>";
		};
		DDF7166B27F2668900A82028 /* Extensions */ = {
			isa = PBXGroup;
			children = (
				DDF7165927F25C5D00A82028 /* Extensions.swift */,
			);
			path = Extensions;
			sourceTree = "<group>";
		};
/* End PBXGroup section */

/* Begin PBXNativeTarget section */
		DDF7162227F1C9E200A82028 /* Goophy */ = {
			isa = PBXNativeTarget;
			buildConfigurationList = DDF7163727F1C9E600A82028 /* Build configuration list for PBXNativeTarget "Goophy" */;
			buildPhases = (
				DDF7161F27F1C9E200A82028 /* Sources */,
				DDF7162027F1C9E200A82028 /* Frameworks */,
				DDF7162127F1C9E200A82028 /* Resources */,
			);
			buildRules = (
			);
			dependencies = (
			);
			name = Goophy;
			packageProductDependencies = (
				DDF7166F27F2807C00A82028 /* Gifu */,
				DDF7167227F290EF00A82028 /* Nuke */,
			);
			productName = Goophy;
			productReference = DDF7162327F1C9E200A82028 /* Goophy.app */;
			productType = "com.apple.product-type.application";
		};
/* End PBXNativeTarget section */

/* Begin PBXProject section */
		DDF7161B27F1C9E200A82028 /* Project object */ = {
			isa = PBXProject;
			attributes = {
				BuildIndependentTargetsInParallel = 1;
				LastSwiftUpdateCheck = 1330;
				LastUpgradeCheck = 1330;
				TargetAttributes = {
					DDF7162227F1C9E200A82028 = {
						CreatedOnToolsVersion = 13.3;
					};
				};
			};
			buildConfigurationList = DDF7161E27F1C9E200A82028 /* Build configuration list for PBXProject "Goophy" */;
			compatibilityVersion = "Xcode 13.0";
			developmentRegion = en;
			hasScannedForEncodings = 0;
			knownRegions = (
				en,
				Base,
			);
			mainGroup = DDF7161A27F1C9E200A82028;
			packageReferences = (
				DDF7166E27F2807C00A82028 /* XCRemoteSwiftPackageReference "Gifu" */,
				DDF7167127F290EF00A82028 /* XCRemoteSwiftPackageReference "Nuke" */,
			);
			productRefGroup = DDF7162427F1C9E200A82028 /* Products */;
			projectDirPath = "";
			projectRoot = "";
			targets = (
				DDF7162227F1C9E200A82028 /* Goophy */,
			);
		};
/* End PBXProject section */

/* Begin PBXResourcesBuildPhase section */
		DDF7162127F1C9E200A82028 /* Resources */ = {
			isa = PBXResourcesBuildPhase;
			buildActionMask = 2147483647;
			files = (
				DDF7163327F1C9E600A82028 /* LaunchScreen.storyboard in Resources */,
				DDF7163027F1C9E600A82028 /* Assets.xcassets in Resources */,
				DDF7162E27F1C9E200A82028 /* Main.storyboard in Resources */,
			);
			runOnlyForDeploymentPostprocessing = 0;
		};
/* End PBXResourcesBuildPhase section */

/* Begin PBXSourcesBuildPhase section */
		DDF7161F27F1C9E200A82028 /* Sources */ = {
			isa = PBXSourcesBuildPhase;
			buildActionMask = 2147483647;
			files = (
				DDF7166427F263AB00A82028 /* GalleryViewPresenter.swift in Sources */,
				DDF7166227F262D500A82028 /* GifDataService.swift in Sources */,
				DDF7162727F1C9E200A82028 /* AppDelegate.swift in Sources */,
				DDF7165627F25A5100A82028 /* GalleryViewController.swift in Sources */,
				DD9B9B0127F3280900787260 /* GifViewPresenter.swift in Sources */,
				DD9B9B0527F34FAF00787260 /* GifHeader.swift in Sources */,
				DDF7165E27F2614300A82028 /* GifCell.swift in Sources */,
				DDE9E60827F3217000788D76 /* GifViewController.swift in Sources */,
				DDF7165827F25B8900A82028 /* MosaicFlowLayout.swift in Sources */,
				DDF7165A27F25C5D00A82028 /* Extensions.swift in Sources */,
				DDF7165C27F25D6900A82028 /* GifResponse.swift in Sources */,
				DDF7166027F262C900A82028 /* GifProvider.swift in Sources */,
			);
			runOnlyForDeploymentPostprocessing = 0;
		};
/* End PBXSourcesBuildPhase section */

/* Begin PBXVariantGroup section */
		DDF7162C27F1C9E200A82028 /* Main.storyboard */ = {
			isa = PBXVariantGroup;
			children = (
				DDF7162D27F1C9E200A82028 /* Base */,
			);
			name = Main.storyboard;
			sourceTree = "<group>";
		};
		DDF7163127F1C9E600A82028 /* LaunchScreen.storyboard */ = {
			isa = PBXVariantGroup;
			children = (
				DDF7163227F1C9E600A82028 /* Base */,
			);
			name = LaunchScreen.storyboard;
			sourceTree = "<group>";
		};
/* End PBXVariantGroup section */

/* Begin XCBuildConfiguration section */
		DDF7163527F1C9E600A82028 /* Debug */ = {
			isa = XCBuildConfiguration;
			buildSettings = {
				ALWAYS_SEARCH_USER_PATHS = NO;
				CLANG_ANALYZER_NONNULL = YES;
				CLANG_ANALYZER_NUMBER_OBJECT_CONVERSION = YES_AGGRESSIVE;
				CLANG_CXX_LANGUAGE_STANDARD = "gnu++17";
				CLANG_ENABLE_MODULES = YES;
				CLANG_ENABLE_OBJC_ARC = YES;
				CLANG_ENABLE_OBJC_WEAK = YES;
				CLANG_WARN_BLOCK_CAPTURE_AUTORELEASING = YES;
				CLANG_WARN_BOOL_CONVERSION = YES;
				CLANG_WARN_COMMA = YES;
				CLANG_WARN_CONSTANT_CONVERSION = YES;
				CLANG_WARN_DEPRECATED_OBJC_IMPLEMENTATIONS = YES;
				CLANG_WARN_DIRECT_OBJC_ISA_USAGE = YES_ERROR;
				CLANG_WARN_DOCUMENTATION_COMMENTS = YES;
				CLANG_WARN_EMPTY_BODY = YES;
				CLANG_WARN_ENUM_CONVERSION = YES;
				CLANG_WARN_INFINITE_RECURSION = YES;
				CLANG_WARN_INT_CONVERSION = YES;
				CLANG_WARN_NON_LITERAL_NULL_CONVERSION = YES;
				CLANG_WARN_OBJC_IMPLICIT_RETAIN_SELF = YES;
				CLANG_WARN_OBJC_LITERAL_CONVERSION = YES;
				CLANG_WARN_OBJC_ROOT_CLASS = YES_ERROR;
				CLANG_WARN_QUOTED_INCLUDE_IN_FRAMEWORK_HEADER = YES;
				CLANG_WARN_RANGE_LOOP_ANALYSIS = YES;
				CLANG_WARN_STRICT_PROTOTYPES = YES;
				CLANG_WARN_SUSPICIOUS_MOVE = YES;
				CLANG_WARN_UNGUARDED_AVAILABILITY = YES_AGGRESSIVE;
				CLANG_WARN_UNREACHABLE_CODE = YES;
				CLANG_WARN__DUPLICATE_METHOD_MATCH = YES;
				COPY_PHASE_STRIP = NO;
				DEBUG_INFORMATION_FORMAT = dwarf;
				ENABLE_STRICT_OBJC_MSGSEND = YES;
				ENABLE_TESTABILITY = YES;
				GCC_C_LANGUAGE_STANDARD = gnu11;
				GCC_DYNAMIC_NO_PIC = NO;
				GCC_NO_COMMON_BLOCKS = YES;
				GCC_OPTIMIZATION_LEVEL = 0;
				GCC_PREPROCESSOR_DEFINITIONS = (
					"DEBUG=1",
					"$(inherited)",
				);
				GCC_WARN_64_TO_32_BIT_CONVERSION = YES;
				GCC_WARN_ABOUT_RETURN_TYPE = YES_ERROR;
				GCC_WARN_UNDECLARED_SELECTOR = YES;
				GCC_WARN_UNINITIALIZED_AUTOS = YES_AGGRESSIVE;
				GCC_WARN_UNUSED_FUNCTION = YES;
				GCC_WARN_UNUSED_VARIABLE = YES;
				IPHONEOS_DEPLOYMENT_TARGET = 15.4;
				MTL_ENABLE_DEBUG_INFO = INCLUDE_SOURCE;
				MTL_FAST_MATH = YES;
				ONLY_ACTIVE_ARCH = YES;
				SDKROOT = iphoneos;
				SWIFT_ACTIVE_COMPILATION_CONDITIONS = DEBUG;
				SWIFT_OPTIMIZATION_LEVEL = "-Onone";
			};
			name = Debug;
		};
		DDF7163627F1C9E600A82028 /* Release */ = {
			isa = XCBuildConfiguration;
			buildSettings = {
				ALWAYS_SEARCH_USER_PATHS = NO;
				CLANG_ANALYZER_NONNULL = YES;
				CLANG_ANALYZER_NUMBER_OBJECT_CONVERSION = YES_AGGRESSIVE;
				CLANG_CXX_LANGUAGE_STANDARD = "gnu++17";
				CLANG_ENABLE_MODULES = YES;
				CLANG_ENABLE_OBJC_ARC = YES;
				CLANG_ENABLE_OBJC_WEAK = YES;
				CLANG_WARN_BLOCK_CAPTURE_AUTORELEASING = YES;
				CLANG_WARN_BOOL_CONVERSION = YES;
				CLANG_WARN_COMMA = YES;
				CLANG_WARN_CONSTANT_CONVERSION = YES;
				CLANG_WARN_DEPRECATED_OBJC_IMPLEMENTATIONS = YES;
				CLANG_WARN_DIRECT_OBJC_ISA_USAGE = YES_ERROR;
				CLANG_WARN_DOCUMENTATION_COMMENTS = YES;
				CLANG_WARN_EMPTY_BODY = YES;
				CLANG_WARN_ENUM_CONVERSION = YES;
				CLANG_WARN_INFINITE_RECURSION = YES;
				CLANG_WARN_INT_CONVERSION = YES;
				CLANG_WARN_NON_LITERAL_NULL_CONVERSION = YES;
				CLANG_WARN_OBJC_IMPLICIT_RETAIN_SELF = YES;
				CLANG_WARN_OBJC_LITERAL_CONVERSION = YES;
				CLANG_WARN_OBJC_ROOT_CLASS = YES_ERROR;
				CLANG_WARN_QUOTED_INCLUDE_IN_FRAMEWORK_HEADER = YES;
				CLANG_WARN_RANGE_LOOP_ANALYSIS = YES;
				CLANG_WARN_STRICT_PROTOTYPES = YES;
				CLANG_WARN_SUSPICIOUS_MOVE = YES;
				CLANG_WARN_UNGUARDED_AVAILABILITY = YES_AGGRESSIVE;
				CLANG_WARN_UNREACHABLE_CODE = YES;
				CLANG_WARN__DUPLICATE_METHOD_MATCH = YES;
				COPY_PHASE_STRIP = NO;
				DEBUG_INFORMATION_FORMAT = "dwarf-with-dsym";
				ENABLE_NS_ASSERTIONS = NO;
				ENABLE_STRICT_OBJC_MSGSEND = YES;
				GCC_C_LANGUAGE_STANDARD = gnu11;
				GCC_NO_COMMON_BLOCKS = YES;
				GCC_WARN_64_TO_32_BIT_CONVERSION = YES;
				GCC_WARN_ABOUT_RETURN_TYPE = YES_ERROR;
				GCC_WARN_UNDECLARED_SELECTOR = YES;
				GCC_WARN_UNINITIALIZED_AUTOS = YES_AGGRESSIVE;
				GCC_WARN_UNUSED_FUNCTION = YES;
				GCC_WARN_UNUSED_VARIABLE = YES;
				IPHONEOS_DEPLOYMENT_TARGET = 15.4;
				MTL_ENABLE_DEBUG_INFO = NO;
				MTL_FAST_MATH = YES;
				SDKROOT = iphoneos;
				SWIFT_COMPILATION_MODE = wholemodule;
				SWIFT_OPTIMIZATION_LEVEL = "-O";
				VALIDATE_PRODUCT = YES;
			};
			name = Release;
		};
		DDF7163827F1C9E600A82028 /* Debug */ = {
			isa = XCBuildConfiguration;
			buildSettings = {
				ASSETCATALOG_COMPILER_APPICON_NAME = AppIcon;
				ASSETCATALOG_COMPILER_GLOBAL_ACCENT_COLOR_NAME = AccentColor;
				CODE_SIGN_STYLE = Automatic;
				CURRENT_PROJECT_VERSION = 1;
				DEVELOPMENT_TEAM = 2QFAHY4PT3;
				GENERATE_INFOPLIST_FILE = YES;
				INFOPLIST_FILE = Goophy/Info.plist;
				INFOPLIST_KEY_UIApplicationSupportsIndirectInputEvents = YES;
				INFOPLIST_KEY_UILaunchStoryboardName = LaunchScreen;
				INFOPLIST_KEY_UIMainStoryboardFile = Main;
				INFOPLIST_KEY_UISupportedInterfaceOrientations_iPad = "UIInterfaceOrientationPortrait UIInterfaceOrientationPortraitUpsideDown UIInterfaceOrientationLandscapeLeft UIInterfaceOrientationLandscapeRight";
				INFOPLIST_KEY_UISupportedInterfaceOrientations_iPhone = "UIInterfaceOrientationPortrait UIInterfaceOrientationLandscapeLeft UIInterfaceOrientationLandscapeRight";
				IPHONEOS_DEPLOYMENT_TARGET = 13.0;
				LD_RUNPATH_SEARCH_PATHS = (
					"$(inherited)",
					"@executable_path/Frameworks",
				);
				MARKETING_VERSION = 1.0;
				PRODUCT_BUNDLE_IDENTIFIER = com.shalugin.Goophy;
				PRODUCT_NAME = "$(TARGET_NAME)";
				SWIFT_EMIT_LOC_STRINGS = YES;
				SWIFT_VERSION = 5.0;
				TARGETED_DEVICE_FAMILY = 1;
			};
			name = Debug;
		};
		DDF7163927F1C9E600A82028 /* Release */ = {
			isa = XCBuildConfiguration;
			buildSettings = {
				ASSETCATALOG_COMPILER_APPICON_NAME = AppIcon;
				ASSETCATALOG_COMPILER_GLOBAL_ACCENT_COLOR_NAME = AccentColor;
				CODE_SIGN_STYLE = Automatic;
				CURRENT_PROJECT_VERSION = 1;
				DEVELOPMENT_TEAM = 2QFAHY4PT3;
				GENERATE_INFOPLIST_FILE = YES;
				INFOPLIST_FILE = Goophy/Info.plist;
				INFOPLIST_KEY_UIApplicationSupportsIndirectInputEvents = YES;
				INFOPLIST_KEY_UILaunchStoryboardName = LaunchScreen;
				INFOPLIST_KEY_UIMainStoryboardFile = Main;
				INFOPLIST_KEY_UISupportedInterfaceOrientations_iPad = "UIInterfaceOrientationPortrait UIInterfaceOrientationPortraitUpsideDown UIInterfaceOrientationLandscapeLeft UIInterfaceOrientationLandscapeRight";
				INFOPLIST_KEY_UISupportedInterfaceOrientations_iPhone = "UIInterfaceOrientationPortrait UIInterfaceOrientationLandscapeLeft UIInterfaceOrientationLandscapeRight";
				IPHONEOS_DEPLOYMENT_TARGET = 13.0;
				LD_RUNPATH_SEARCH_PATHS = (
					"$(inherited)",
					"@executable_path/Frameworks",
				);
				MARKETING_VERSION = 1.0;
				PRODUCT_BUNDLE_IDENTIFIER = com.shalugin.Goophy;
				PRODUCT_NAME = "$(TARGET_NAME)";
				SWIFT_EMIT_LOC_STRINGS = YES;
				SWIFT_VERSION = 5.0;
				TARGETED_DEVICE_FAMILY = 1;
			};
			name = Release;
		};
/* End XCBuildConfiguration section */

/* Begin XCConfigurationList section */
		DDF7161E27F1C9E200A82028 /* Build configuration list for PBXProject "Goophy" */ = {
			isa = XCConfigurationList;
			buildConfigurations = (
				DDF7163527F1C9E600A82028 /* Debug */,
				DDF7163627F1C9E600A82028 /* Release */,
			);
			defaultConfigurationIsVisible = 0;
			defaultConfigurationName = Release;
		};
		DDF7163727F1C9E600A82028 /* Build configuration list for PBXNativeTarget "Goophy" */ = {
			isa = XCConfigurationList;
			buildConfigurations = (
				DDF7163827F1C9E600A82028 /* Debug */,
				DDF7163927F1C9E600A82028 /* Release */,
			);
			defaultConfigurationIsVisible = 0;
			defaultConfigurationName = Release;
		};
/* End XCConfigurationList section */

/* Begin XCRemoteSwiftPackageReference section */
		DDF7166E27F2807C00A82028 /* XCRemoteSwiftPackageReference "Gifu" */ = {
			isa = XCRemoteSwiftPackageReference;
			repositoryURL = "https://github.com/kaishin/Gifu.git";
			requirement = {
				branch = master;
				kind = branch;
			};
		};
		DDF7167127F290EF00A82028 /* XCRemoteSwiftPackageReference "Nuke" */ = {
			isa = XCRemoteSwiftPackageReference;
			repositoryURL = "https://github.com/kean/Nuke.git";
			requirement = {
				branch = master;
				kind = branch;
			};
		};
/* End XCRemoteSwiftPackageReference section */

/* Begin XCSwiftPackageProductDependency section */
		DDF7166F27F2807C00A82028 /* Gifu */ = {
			isa = XCSwiftPackageProductDependency;
			package = DDF7166E27F2807C00A82028 /* XCRemoteSwiftPackageReference "Gifu" */;
			productName = Gifu;
		};
		DDF7167227F290EF00A82028 /* Nuke */ = {
			isa = XCSwiftPackageProductDependency;
			package = DDF7167127F290EF00A82028 /* XCRemoteSwiftPackageReference "Nuke" */;
			productName = Nuke;
		};
/* End XCSwiftPackageProductDependency section */
	};
	rootObject = DDF7161B27F1C9E200A82028 /* Project object */;
}
